PODS:
  - Alamofire (4.0.1)
  - AudioKit (3.4.1)
  - SwiftyJSON (3.1.1)

DEPENDENCIES:
  - Alamofire
  - AudioKit
  - SwiftyJSON

SPEC CHECKSUMS:
  Alamofire: 7682d43245de14874acd142ec137b144aa1dd335
  AudioKit: 4aff6321b4733ccdec69cc134934a40d4d24d688
  SwiftyJSON: f0be2e604f83e8405a624e9f891898bf6ed4e019

PODFILE CHECKSUM: 1323b74218dff2a6147e35e42c1bc1cb7f95307e

COCOAPODS: 1.1.0.rc.2
